// !$*UTF8*$!
{
	archiveVersion = 1;
	classes = {
	};
	objectVersion = 77;
	objects = {

/* Begin PBXBuildFile section */
		077FFAC1EF650E76C0FEBBAF /* SettingsWindow.swift in Sources */ = {isa = PBXBuildFile; fileRef = 8092314AA85423852C94CC15 /* SettingsWindow.swift */; };
		16970AF1AD61A2F68986DC0F /* MicrophoneMonitor.swift in Sources */ = {isa = PBXBuildFile; fileRef = 997C55018E519FC6646C5C68 /* MicrophoneMonitor.swift */; };
		16FD28B1E7920B86508B3D80 /* AppModel.swift in Sources */ = {isa = PBXBuildFile; fileRef = 4854EB630A0A0B8802E35FD7 /* AppModel.swift */; };
		1B20DF4B8A6E7BCCFD861347 /* PrivacyInfo.xcprivacy in Resources */ = {isa = PBXBuildFile; fileRef = DD7F38DC75466C0DF06CAF14 /* PrivacyInfo.xcprivacy */; };
		1D3C71C4A64F7A3BFD793481 /* MonitoringState.swift in Sources */ = {isa = PBXBuildFile; fileRef = 076C441DEAD25E1C47FAD6F8 /* MonitoringState.swift */; };
		1D7DA4B09C9A70F9D72EAA98 /* ServiceManagement.framework in Frameworks */ = {isa = PBXBuildFile; fileRef = 4355D8E572756AFC34774873 /* ServiceManagement.framework */; };
		21915BE6F3ABA678ED2F3778 /* StatusItemController.swift in Sources */ = {isa = PBXBuildFile; fileRef = DB48FF348E2A3CF20A5755FA /* StatusItemController.swift */; };
		22B50D3EF5CB3497FFECA6AC /* ResumeDelay.swift in Sources */ = {isa = PBXBuildFile; fileRef = 75953599B52AE33C3A46EAD6 /* ResumeDelay.swift */; };
		24675FABD7B0563F8D64511B /* CoreAudio.framework in Frameworks */ = {isa = PBXBuildFile; fileRef = 59720468752EFE12786596FE /* CoreAudio.framework */; };
		2CB2CEA1E29498F6DA1F009A /* MicPauseMark.swift in Sources */ = {isa = PBXBuildFile; fileRef = 75DD2D91B87E2043B2831710 /* MicPauseMark.swift */; };
		32A11459A48BCFD095567A65 /* PrivacyPolicyView.swift in Sources */ = {isa = PBXBuildFile; fileRef = C2D9BEFAB983C6ADE19F0796 /* PrivacyPolicyView.swift */; };
		34366CAA51A3C407CD972FE2 /* Carbon.framework in Frameworks */ = {isa = PBXBuildFile; fileRef = 607A563BC61FAEE303E1C1A2 /* Carbon.framework */; };
		388D385442C849C8243062A4 /* MeetingAssistCoordinator.swift in Sources */ = {isa = PBXBuildFile; fileRef = 14F7B2B4A008FB75F984FDCB /* MeetingAssistCoordinator.swift */; };
		522F8C19AFF4DFFF8A4421E4 /* Log.swift in Sources */ = {isa = PBXBuildFile; fileRef = 695FAFF576F31E540979823C /* Log.swift */; };
		58F7943C930A3780085BF353 /* AccessibilityAutomation.swift in Sources */ = {isa = PBXBuildFile; fileRef = DFF91D7C9024C91018A03CDA /* AccessibilityAutomation.swift */; };
		5D9369C7195AFEF3B4BF3289 /* LoginItemManager.swift in Sources */ = {isa = PBXBuildFile; fileRef = 219B5CA59751D22F763C4354 /* LoginItemManager.swift */; };
		5EF9503334D35E50B1C7CA80 /* PhoneCallMonitor.swift in Sources */ = {isa = PBXBuildFile; fileRef = CBD14F693526662748D94F56 /* PhoneCallMonitor.swift */; };
		63B62A0858CDF14121B50D3A /* MeetingAssistModels.swift in Sources */ = {isa = PBXBuildFile; fileRef = E16B0DAACF950DDA16076A46 /* MeetingAssistModels.swift */; };
		696BABF04404CA0A295C654C /* Assets.xcassets in Resources */ = {isa = PBXBuildFile; fileRef = 132936AF7527A39A93DF2FC9 /* Assets.xcassets */; };
		7A00F113D764420F5CCDCD31 /* SettingsView.swift in Sources */ = {isa = PBXBuildFile; fileRef = CD351B23E464CA887466233A /* SettingsView.swift */; };
		7DC3B8D85BDD624FAED6C9BC /* AudioCaptureInspector.swift in Sources */ = {isa = PBXBuildFile; fileRef = 1CE646C408F99B92E4004385 /* AudioCaptureInspector.swift */; };
		865148A008B03D3F689FBA78 /* FeedbackSoundPlayer.swift in Sources */ = {isa = PBXBuildFile; fileRef = 9AB42DAF08B63E3E0768AE8F /* FeedbackSoundPlayer.swift */; };
		8A84EA8B2AD9230EDC2454BF /* MenuBarView.swift in Sources */ = {isa = PBXBuildFile; fileRef = B8548F6B7A93D208E9C10AE9 /* MenuBarView.swift */; };
		8D378C319821C933EBC6E5CD /* AppSettingsTests.swift in Sources */ = {isa = PBXBuildFile; fileRef = 649E0491D4DDBD8FE32B52C6 /* AppSettingsTests.swift */; };
		9808B9F1E1E136693C4D26B2 /* MicPauseTheme.swift in Sources */ = {isa = PBXBuildFile; fileRef = B34134B9B71C722087382D8D /* MicPauseTheme.swift */; };
		9BF880F8ABCE72B9810D2B95 /* PlaybackCoordinatorTests.swift in Sources */ = {isa = PBXBuildFile; fileRef = 20E17F698F170A851CF9E148 /* PlaybackCoordinatorTests.swift */; };
		A56A3DE4455F67303BEDCFD4 /* MusicPlayerControlling.swift in Sources */ = {isa = PBXBuildFile; fileRef = 1C4D5D3C1A9B938D36685F2A /* MusicPlayerControlling.swift */; };
		AADEEFEFCBDF4B9089A4F86E /* PlaybackCoordinator.swift in Sources */ = {isa = PBXBuildFile; fileRef = 0ABE040574D5913CF7C40388 /* PlaybackCoordinator.swift */; };
		AEDFC77E46809905EB8599E6 /* AppleMusicController.swift in Sources */ = {isa = PBXBuildFile; fileRef = 58BA02D4A3D39FBA8AA280B1 /* AppleMusicController.swift */; };
		C2CBD21E5291CD49B06A87AB /* OutputVolumeController.swift in Sources */ = {isa = PBXBuildFile; fileRef = 5832E225F503370800090A8F /* OutputVolumeController.swift */; };
		C6DF8D40EEFA6D40CE2B660A /* MicPauseApp.swift in Sources */ = {isa = PBXBuildFile; fileRef = D0DB011F06459F60414E2D35 /* MicPauseApp.swift */; };
		E34EF717FD4E3FC1BD69D2A4 /* LoginItemManagerTests.swift in Sources */ = {isa = PBXBuildFile; fileRef = F0154D7BA5BA88932F8F59CA /* LoginItemManagerTests.swift */; };
		EBC2A02717575FF9FC519A07 /* MeetingAssistTests.swift in Sources */ = {isa = PBXBuildFile; fileRef = 6BAB5CEF003FB9FDA7C8E76E /* MeetingAssistTests.swift */; };
		F6775E4E0D872BC0AF659B31 /* AppSettings.swift in Sources */ = {isa = PBXBuildFile; fileRef = D57D2A097CB0F81FBD98FA50 /* AppSettings.swift */; };
/* End PBXBuildFile section */

/* Begin PBXContainerItemProxy section */
		C8F4EE5F884CCA19007827BA /* PBXContainerItemProxy */ = {
			isa = PBXContainerItemProxy;
			containerPortal = 6FCF82E180BE16D509713EA8 /* Project object */;
			proxyType = 1;
			remoteGlobalIDString = A36879B419AD761BF0E5AB6D;
			remoteInfo = MicPause;
		};
/* End PBXContainerItemProxy section */

/* Begin PBXFileReference section */
		076C441DEAD25E1C47FAD6F8 /* MonitoringState.swift */ = {isa = PBXFileReference; lastKnownFileType = sourcecode.swift; path = MonitoringState.swift; sourceTree = "<group>"; };
		0ABE040574D5913CF7C40388 /* PlaybackCoordinator.swift */ = {isa = PBXFileReference; lastKnownFileType = sourcecode.swift; path = PlaybackCoordinator.swift; sourceTree = "<group>"; };
		132936AF7527A39A93DF2FC9 /* Assets.xcassets */ = {isa = PBXFileReference; lastKnownFileType = folder.assetcatalog; path = Assets.xcassets; sourceTree = "<group>"; };
		14F7B2B4A008FB75F984FDCB /* MeetingAssistCoordinator.swift */ = {isa = PBXFileReference; lastKnownFileType = sourcecode.swift; path = MeetingAssistCoordinator.swift; sourceTree = "<group>"; };
		1819767124274C99871A1E3C /* MicPauseTests.xctest */ = {isa = PBXFileReference; explicitFileType = wrapper.cfbundle; includeInIndex = 0; path = MicPauseTests.xctest; sourceTree = BUILT_PRODUCTS_DIR; };
		1C4D5D3C1A9B938D36685F2A /* MusicPlayerControlling.swift */ = {isa = PBXFileReference; lastKnownFileType = sourcecode.swift; path = MusicPlayerControlling.swift; sourceTree = "<group>"; };
		1CE646C408F99B92E4004385 /* AudioCaptureInspector.swift */ = {isa = PBXFileReference; lastKnownFileType = sourcecode.swift; path = AudioCaptureInspector.swift; sourceTree = "<group>"; };
		20E17F698F170A851CF9E148 /* PlaybackCoordinatorTests.swift */ = {isa = PBXFileReference; lastKnownFileType = sourcecode.swift; path = PlaybackCoordinatorTests.swift; sourceTree = "<group>"; };
		219B5CA59751D22F763C4354 /* LoginItemManager.swift */ = {isa = PBXFileReference; lastKnownFileType = sourcecode.swift; path = LoginItemManager.swift; sourceTree = "<group>"; };
		4355D8E572756AFC34774873 /* ServiceManagement.framework */ = {isa = PBXFileReference; lastKnownFileType = wrapper.framework; name = ServiceManagement.framework; path = System/Library/Frameworks/ServiceManagement.framework; sourceTree = SDKROOT; };
		4854EB630A0A0B8802E35FD7 /* AppModel.swift */ = {isa = PBXFileReference; lastKnownFileType = sourcecode.swift; path = AppModel.swift; sourceTree = "<group>"; };
		5832E225F503370800090A8F /* OutputVolumeController.swift */ = {isa = PBXFileReference; lastKnownFileType = sourcecode.swift; path = OutputVolumeController.swift; sourceTree = "<group>"; };
		58BA02D4A3D39FBA8AA280B1 /* AppleMusicController.swift */ = {isa = PBXFileReference; lastKnownFileType = sourcecode.swift; path = AppleMusicController.swift; sourceTree = "<group>"; };
		59720468752EFE12786596FE /* CoreAudio.framework */ = {isa = PBXFileReference; lastKnownFileType = wrapper.framework; name = CoreAudio.framework; path = System/Library/Frameworks/CoreAudio.framework; sourceTree = SDKROOT; };
		607A563BC61FAEE303E1C1A2 /* Carbon.framework */ = {isa = PBXFileReference; lastKnownFileType = wrapper.framework; name = Carbon.framework; path = System/Library/Frameworks/Carbon.framework; sourceTree = SDKROOT; };
		649E0491D4DDBD8FE32B52C6 /* AppSettingsTests.swift */ = {isa = PBXFileReference; lastKnownFileType = sourcecode.swift; path = AppSettingsTests.swift; sourceTree = "<group>"; };
		695FAFF576F31E540979823C /* Log.swift */ = {isa = PBXFileReference; lastKnownFileType = sourcecode.swift; path = Log.swift; sourceTree = "<group>"; };
		6BAB5CEF003FB9FDA7C8E76E /* MeetingAssistTests.swift */ = {isa = PBXFileReference; lastKnownFileType = sourcecode.swift; path = MeetingAssistTests.swift; sourceTree = "<group>"; };
		75953599B52AE33C3A46EAD6 /* ResumeDelay.swift */ = {isa = PBXFileReference; lastKnownFileType = sourcecode.swift; path = ResumeDelay.swift; sourceTree = "<group>"; };
		75DD2D91B87E2043B2831710 /* MicPauseMark.swift */ = {isa = PBXFileReference; lastKnownFileType = sourcecode.swift; path = MicPauseMark.swift; sourceTree = "<group>"; };
		8092314AA85423852C94CC15 /* SettingsWindow.swift */ = {isa = PBXFileReference; lastKnownFileType = sourcecode.swift; path = SettingsWindow.swift; sourceTree = "<group>"; };
		997C55018E519FC6646C5C68 /* MicrophoneMonitor.swift */ = {isa = PBXFileReference; lastKnownFileType = sourcecode.swift; path = MicrophoneMonitor.swift; sourceTree = "<group>"; };
		9AB42DAF08B63E3E0768AE8F /* FeedbackSoundPlayer.swift */ = {isa = PBXFileReference; lastKnownFileType = sourcecode.swift; path = FeedbackSoundPlayer.swift; sourceTree = "<group>"; };
		B34134B9B71C722087382D8D /* MicPauseTheme.swift */ = {isa = PBXFileReference; lastKnownFileType = sourcecode.swift; path = MicPauseTheme.swift; sourceTree = "<group>"; };
		B8548F6B7A93D208E9C10AE9 /* MenuBarView.swift */ = {isa = PBXFileReference; lastKnownFileType = sourcecode.swift; path = MenuBarView.swift; sourceTree = "<group>"; };
		C2D9BEFAB983C6ADE19F0796 /* PrivacyPolicyView.swift */ = {isa = PBXFileReference; lastKnownFileType = sourcecode.swift; path = PrivacyPolicyView.swift; sourceTree = "<group>"; };
		CBD14F693526662748D94F56 /* PhoneCallMonitor.swift */ = {isa = PBXFileReference; lastKnownFileType = sourcecode.swift; path = PhoneCallMonitor.swift; sourceTree = "<group>"; };
		CD351B23E464CA887466233A /* SettingsView.swift */ = {isa = PBXFileReference; lastKnownFileType = sourcecode.swift; path = SettingsView.swift; sourceTree = "<group>"; };
		D0DB011F06459F60414E2D35 /* MicPauseApp.swift */ = {isa = PBXFileReference; lastKnownFileType = sourcecode.swift; path = MicPauseApp.swift; sourceTree = "<group>"; };
		D57D2A097CB0F81FBD98FA50 /* AppSettings.swift */ = {isa = PBXFileReference; lastKnownFileType = sourcecode.swift; path = AppSettings.swift; sourceTree = "<group>"; };
		DB48FF348E2A3CF20A5755FA /* StatusItemController.swift */ = {isa = PBXFileReference; lastKnownFileType = sourcecode.swift; path = StatusItemController.swift; sourceTree = "<group>"; };
		DD7F38DC75466C0DF06CAF14 /* PrivacyInfo.xcprivacy */ = {isa = PBXFileReference; path = PrivacyInfo.xcprivacy; sourceTree = "<group>"; };
		DFF91D7C9024C91018A03CDA /* AccessibilityAutomation.swift */ = {isa = PBXFileReference; lastKnownFileType = sourcecode.swift; path = AccessibilityAutomation.swift; sourceTree = "<group>"; };
		E16B0DAACF950DDA16076A46 /* MeetingAssistModels.swift */ = {isa = PBXFileReference; lastKnownFileType = sourcecode.swift; path = MeetingAssistModels.swift; sourceTree = "<group>"; };
		E871B70E2EA727351BC4DCF3 /* MicPause.app */ = {isa = PBXFileReference; explicitFileType = wrapper.application; includeInIndex = 0; path = MicPause.app; sourceTree = BUILT_PRODUCTS_DIR; };
		F0154D7BA5BA88932F8F59CA /* LoginItemManagerTests.swift */ = {isa = PBXFileReference; lastKnownFileType = sourcecode.swift; path = LoginItemManagerTests.swift; sourceTree = "<group>"; };
/* End PBXFileReference section */

/* Begin PBXFrameworksBuildPhase section */
		4D603B514EAE4853E167D19A /* Frameworks */ = {
			isa = PBXFrameworksBuildPhase;
			buildActionMask = 2147483647;
			files = (
				24675FABD7B0563F8D64511B /* CoreAudio.framework in Frameworks */,
				1D7DA4B09C9A70F9D72EAA98 /* ServiceManagement.framework in Frameworks */,
				34366CAA51A3C407CD972FE2 /* Carbon.framework in Frameworks */,
			);
			runOnlyForDeploymentPostprocessing = 0;
		};
/* End PBXFrameworksBuildPhase section */

/* Begin PBXGroup section */
		0E3C4EE3D72890167A38D192 /* Views */ = {
			isa = PBXGroup;
			children = (
				B8548F6B7A93D208E9C10AE9 /* MenuBarView.swift */,
				75DD2D91B87E2043B2831710 /* MicPauseMark.swift */,
				B34134B9B71C722087382D8D /* MicPauseTheme.swift */,
				C2D9BEFAB983C6ADE19F0796 /* PrivacyPolicyView.swift */,
				CD351B23E464CA887466233A /* SettingsView.swift */,
			);
			path = Views;
			sourceTree = "<group>";
		};
		14C6BAC9FBD7807A832FB4BD /* MicPauseTests */ = {
			isa = PBXGroup;
			children = (
				649E0491D4DDBD8FE32B52C6 /* AppSettingsTests.swift */,
				F0154D7BA5BA88932F8F59CA /* LoginItemManagerTests.swift */,
				6BAB5CEF003FB9FDA7C8E76E /* MeetingAssistTests.swift */,
				20E17F698F170A851CF9E148 /* PlaybackCoordinatorTests.swift */,
			);
			path = MicPauseTests;
			sourceTree = "<group>";
		};
		3C7F1C60689A4AB62EA3E3EF /* Products */ = {
			isa = PBXGroup;
			children = (
				E871B70E2EA727351BC4DCF3 /* MicPause.app */,
				1819767124274C99871A1E3C /* MicPauseTests.xctest */,
			);
			name = Products;
			sourceTree = "<group>";
		};
		462EC5562033999E7CC71BBF /* Models */ = {
			isa = PBXGroup;
			children = (
				E16B0DAACF950DDA16076A46 /* MeetingAssistModels.swift */,
				076C441DEAD25E1C47FAD6F8 /* MonitoringState.swift */,
				75953599B52AE33C3A46EAD6 /* ResumeDelay.swift */,
			);
			path = Models;
			sourceTree = "<group>";
		};
		47253D7DDA350E2AB99976F8 /* Services */ = {
			isa = PBXGroup;
			children = (
				DFF91D7C9024C91018A03CDA /* AccessibilityAutomation.swift */,
				58BA02D4A3D39FBA8AA280B1 /* AppleMusicController.swift */,
				1CE646C408F99B92E4004385 /* AudioCaptureInspector.swift */,
				9AB42DAF08B63E3E0768AE8F /* FeedbackSoundPlayer.swift */,
				219B5CA59751D22F763C4354 /* LoginItemManager.swift */,
				14F7B2B4A008FB75F984FDCB /* MeetingAssistCoordinator.swift */,
				997C55018E519FC6646C5C68 /* MicrophoneMonitor.swift */,
				1C4D5D3C1A9B938D36685F2A /* MusicPlayerControlling.swift */,
				5832E225F503370800090A8F /* OutputVolumeController.swift */,
				CBD14F693526662748D94F56 /* PhoneCallMonitor.swift */,
				0ABE040574D5913CF7C40388 /* PlaybackCoordinator.swift */,
			);
			path = Services;
			sourceTree = "<group>";
		};
		6ECD9B353F8FAB5A85A3E314 /* App */ = {
			isa = PBXGroup;
			children = (
				D0DB011F06459F60414E2D35 /* MicPauseApp.swift */,
				8092314AA85423852C94CC15 /* SettingsWindow.swift */,
				DB48FF348E2A3CF20A5755FA /* StatusItemController.swift */,
			);
			path = App;
			sourceTree = "<group>";
		};
		733C7FDA8D896E6D20BA9964 = {
			isa = PBXGroup;
			children = (
				BAD04D8D88AA365318E9CC4C /* MicPause */,
				14C6BAC9FBD7807A832FB4BD /* MicPauseTests */,
				CCD3390710A8F2F44F79A9AE /* Frameworks */,
				3C7F1C60689A4AB62EA3E3EF /* Products */,
			);
			sourceTree = "<group>";
		};
		BAD04D8D88AA365318E9CC4C /* MicPause */ = {
			isa = PBXGroup;
			children = (
				6ECD9B353F8FAB5A85A3E314 /* App */,
				462EC5562033999E7CC71BBF /* Models */,
				47253D7DDA350E2AB99976F8 /* Services */,
				FF5415A3A33A05CAADD29301 /* Stores */,
				CC75F4A92C2E318E929AFA6F /* Support */,
				0E3C4EE3D72890167A38D192 /* Views */,
				132936AF7527A39A93DF2FC9 /* Assets.xcassets */,
				DD7F38DC75466C0DF06CAF14 /* PrivacyInfo.xcprivacy */,
			);
			path = MicPause;
			sourceTree = "<group>";
		};
		CC75F4A92C2E318E929AFA6F /* Support */ = {
			isa = PBXGroup;
			children = (
				695FAFF576F31E540979823C /* Log.swift */,
			);
			path = Support;
			sourceTree = "<group>";
		};
		CCD3390710A8F2F44F79A9AE /* Frameworks */ = {
			isa = PBXGroup;
			children = (
				607A563BC61FAEE303E1C1A2 /* Carbon.framework */,
				59720468752EFE12786596FE /* CoreAudio.framework */,
				4355D8E572756AFC34774873 /* ServiceManagement.framework */,
			);
			name = Frameworks;
			sourceTree = "<group>";
		};
		FF5415A3A33A05CAADD29301 /* Stores */ = {
			isa = PBXGroup;
			children = (
				4854EB630A0A0B8802E35FD7 /* AppModel.swift */,
				D57D2A097CB0F81FBD98FA50 /* AppSettings.swift */,
			);
			path = Stores;
			sourceTree = "<group>";
		};
/* End PBXGroup section */

/* Begin PBXNativeTarget section */
		1B3C2DEAA231A130246AA3ED /* MicPauseTests */ = {
			isa = PBXNativeTarget;
			buildConfigurationList = 8CFE8F094629B93019331910 /* Build configuration list for PBXNativeTarget "MicPauseTests" */;
			buildPhases = (
				984ACB67B50F1A9424DE3109 /* Sources */,
			);
			buildRules = (
			);
			dependencies = (
				19F4D2AA63964BC6C4B9A330 /* PBXTargetDependency */,
			);
			name = MicPauseTests;
			packageProductDependencies = (
			);
			productName = MicPauseTests;
			productReference = 1819767124274C99871A1E3C /* MicPauseTests.xctest */;
			productType = "com.apple.product-type.bundle.unit-test";
		};
		A36879B419AD761BF0E5AB6D /* MicPause */ = {
			isa = PBXNativeTarget;
			buildConfigurationList = 8F6B96BF9389992354A27CBD /* Build configuration list for PBXNativeTarget "MicPause" */;
			buildPhases = (
				26B53017CE8FB28563663811 /* Sources */,
				44EBE870E32E5BFE319A4599 /* Resources */,
				4D603B514EAE4853E167D19A /* Frameworks */,
			);
			buildRules = (
			);
			dependencies = (
			);
			name = MicPause;
			packageProductDependencies = (
			);
			productName = MicPause;
			productReference = E871B70E2EA727351BC4DCF3 /* MicPause.app */;
			productType = "com.apple.product-type.application";
		};
/* End PBXNativeTarget section */

/* Begin PBXProject section */
		6FCF82E180BE16D509713EA8 /* Project object */ = {
			isa = PBXProject;
			attributes = {
				BuildIndependentTargetsInParallel = YES;
				LastUpgradeCheck = 1430;
				TargetAttributes = {
					1B3C2DEAA231A130246AA3ED = {
						DevelopmentTeam = QU4R4G95KN;
						ProvisioningStyle = Automatic;
					};
					A36879B419AD761BF0E5AB6D = {
						DevelopmentTeam = QU4R4G95KN;
						ProvisioningStyle = Automatic;
					};
				};
			};
			buildConfigurationList = 8265EE5FB815CAFAA92DC02C /* Build configuration list for PBXProject "MicPause" */;
			developmentRegion = en;
			hasScannedForEncodings = 0;
			knownRegions = (
				Base,
				en,
			);
			mainGroup = 733C7FDA8D896E6D20BA9964;
			minimizedProjectReferenceProxies = 1;
			preferredProjectObjectVersion = 77;
			productRefGroup = 3C7F1C60689A4AB62EA3E3EF /* Products */;
			projectDirPath = "";
			projectRoot = "";
			targets = (
				A36879B419AD761BF0E5AB6D /* MicPause */,
				1B3C2DEAA231A130246AA3ED /* MicPauseTests */,
			);
		};
/* End PBXProject section */

/* Begin PBXResourcesBuildPhase section */
		44EBE870E32E5BFE319A4599 /* Resources */ = {
			isa = PBXResourcesBuildPhase;
			buildActionMask = 2147483647;
			files = (
				696BABF04404CA0A295C654C /* Assets.xcassets in Resources */,
				1B20DF4B8A6E7BCCFD861347 /* PrivacyInfo.xcprivacy in Resources */,
			);
			runOnlyForDeploymentPostprocessing = 0;
		};
/* End PBXResourcesBuildPhase section */

/* Begin PBXSourcesBuildPhase section */
		26B53017CE8FB28563663811 /* Sources */ = {
			isa = PBXSourcesBuildPhase;
			buildActionMask = 2147483647;
			files = (
				58F7943C930A3780085BF353 /* AccessibilityAutomation.swift in Sources */,
				16FD28B1E7920B86508B3D80 /* AppModel.swift in Sources */,
				F6775E4E0D872BC0AF659B31 /* AppSettings.swift in Sources */,
				AEDFC77E46809905EB8599E6 /* AppleMusicController.swift in Sources */,
				7DC3B8D85BDD624FAED6C9BC /* AudioCaptureInspector.swift in Sources */,
				865148A008B03D3F689FBA78 /* FeedbackSoundPlayer.swift in Sources */,
				522F8C19AFF4DFFF8A4421E4 /* Log.swift in Sources */,
				5D9369C7195AFEF3B4BF3289 /* LoginItemManager.swift in Sources */,
				388D385442C849C8243062A4 /* MeetingAssistCoordinator.swift in Sources */,
				63B62A0858CDF14121B50D3A /* MeetingAssistModels.swift in Sources */,
				8A84EA8B2AD9230EDC2454BF /* MenuBarView.swift in Sources */,
				C6DF8D40EEFA6D40CE2B660A /* MicPauseApp.swift in Sources */,
				2CB2CEA1E29498F6DA1F009A /* MicPauseMark.swift in Sources */,
				9808B9F1E1E136693C4D26B2 /* MicPauseTheme.swift in Sources */,
				16970AF1AD61A2F68986DC0F /* MicrophoneMonitor.swift in Sources */,
				1D3C71C4A64F7A3BFD793481 /* MonitoringState.swift in Sources */,
				A56A3DE4455F67303BEDCFD4 /* MusicPlayerControlling.swift in Sources */,
				C2CBD21E5291CD49B06A87AB /* OutputVolumeController.swift in Sources */,
				5EF9503334D35E50B1C7CA80 /* PhoneCallMonitor.swift in Sources */,
				AADEEFEFCBDF4B9089A4F86E /* PlaybackCoordinator.swift in Sources */,
				32A11459A48BCFD095567A65 /* PrivacyPolicyView.swift in Sources */,
				22B50D3EF5CB3497FFECA6AC /* ResumeDelay.swift in Sources */,
				7A00F113D764420F5CCDCD31 /* SettingsView.swift in Sources */,
				077FFAC1EF650E76C0FEBBAF /* SettingsWindow.swift in Sources */,
				21915BE6F3ABA678ED2F3778 /* StatusItemController.swift in Sources */,
			);
			runOnlyForDeploymentPostprocessing = 0;
		};
		984ACB67B50F1A9424DE3109 /* Sources */ = {
			isa = PBXSourcesBuildPhase;
			buildActionMask = 2147483647;
			files = (
				8D378C319821C933EBC6E5CD /* AppSettingsTests.swift in Sources */,
				E34EF717FD4E3FC1BD69D2A4 /* LoginItemManagerTests.swift in Sources */,
				EBC2A02717575FF9FC519A07 /* MeetingAssistTests.swift in Sources */,
				9BF880F8ABCE72B9810D2B95 /* PlaybackCoordinatorTests.swift in Sources */,
			);
			runOnlyForDeploymentPostprocessing = 0;
		};
/* End PBXSourcesBuildPhase section */

/* Begin PBXTargetDependency section */
		19F4D2AA63964BC6C4B9A330 /* PBXTargetDependency */ = {
			isa = PBXTargetDependency;
			target = A36879B419AD761BF0E5AB6D /* MicPause */;
			targetProxy = C8F4EE5F884CCA19007827BA /* PBXContainerItemProxy */;
		};
/* End PBXTargetDependency section */

/* Begin XCBuildConfiguration section */
		252D443F69C8142E738E29F0 /* Debug */ = {
			isa = XCBuildConfiguration;
			buildSettings = {
				ASSETCATALOG_COMPILER_APPICON_NAME = AppIcon;
				CODE_SIGN_ENTITLEMENTS = MicPause/MicPause.entitlements;
				COMBINE_HIDPI_IMAGES = YES;
				ENABLE_APP_SANDBOX = NO;
				INFOPLIST_FILE = MicPause/Info.plist;
				LD_RUNPATH_SEARCH_PATHS = (
					"$(inherited)",
					"@executable_path/../Frameworks",
				);
				PRODUCT_BUNDLE_IDENTIFIER = com.dparadis.MicPause;
				PRODUCT_NAME = MicPause;
				SDKROOT = macosx;
			};
			name = Debug;
		};
		4C149B5CBD4C71A033568597 /* Release */ = {
			isa = XCBuildConfiguration;
			buildSettings = {
				ASSETCATALOG_COMPILER_APPICON_NAME = AppIcon;
				CODE_SIGN_ENTITLEMENTS = MicPause/MicPause.entitlements;
				COMBINE_HIDPI_IMAGES = YES;
				ENABLE_APP_SANDBOX = NO;
				INFOPLIST_FILE = MicPause/Info.plist;
				LD_RUNPATH_SEARCH_PATHS = (
					"$(inherited)",
					"@executable_path/../Frameworks",
				);
				PRODUCT_BUNDLE_IDENTIFIER = com.dparadis.MicPause;
				PRODUCT_NAME = MicPause;
				SDKROOT = macosx;
			};
			name = Release;
		};
		598AF9FCEEEB481D0F631AC4 /* Release */ = {
			isa = XCBuildConfiguration;
			buildSettings = {
				ALWAYS_SEARCH_USER_PATHS = NO;
				CLANG_ANALYZER_NONNULL = YES;
				CLANG_ANALYZER_NUMBER_OBJECT_CONVERSION = YES_AGGRESSIVE;
				CLANG_CXX_LANGUAGE_STANDARD = "gnu++14";
				CLANG_CXX_LIBRARY = "libc++";
				CLANG_ENABLE_MODULES = YES;
				CLANG_ENABLE_OBJC_ARC = YES;
				CLANG_ENABLE_OBJC_WEAK = YES;
				CLANG_WARN_BLOCK_CAPTURE_AUTORELEASING = YES;
				CLANG_WARN_BOOL_CONVERSION = YES;
				CLANG_WARN_COMMA = YES;
				CLANG_WARN_CONSTANT_CONVERSION = YES;
				CLANG_WARN_DEPRECATED_OBJC_IMPLEMENTATIONS = YES;
				CLANG_WARN_DIRECT_OBJC_ISA_USAGE = YES_ERROR;
				CLANG_WARN_DOCUMENTATION_COMMENTS = YES;
				CLANG_WARN_EMPTY_BODY = YES;
				CLANG_WARN_ENUM_CONVERSION = YES;
				CLANG_WARN_INFINITE_RECURSION = YES;
				CLANG_WARN_INT_CONVERSION = YES;
				CLANG_WARN_NON_LITERAL_NULL_CONVERSION = YES;
				CLANG_WARN_OBJC_IMPLICIT_RETAIN_SELF = YES;
				CLANG_WARN_OBJC_LITERAL_CONVERSION = YES;
				CLANG_WARN_OBJC_ROOT_CLASS = YES_ERROR;
				CLANG_WARN_QUOTED_INCLUDE_IN_FRAMEWORK_HEADER = YES;
				CLANG_WARN_RANGE_LOOP_ANALYSIS = YES;
				CLANG_WARN_STRICT_PROTOTYPES = YES;
				CLANG_WARN_SUSPICIOUS_MOVE = YES;
				CLANG_WARN_UNGUARDED_AVAILABILITY = YES_AGGRESSIVE;
				CLANG_WARN_UNREACHABLE_CODE = YES;
				CLANG_WARN__DUPLICATE_METHOD_MATCH = YES;
				CODE_SIGN_STYLE = Automatic;
				COPY_PHASE_STRIP = NO;
				CURRENT_PROJECT_VERSION = 1;
				DEBUG_INFORMATION_FORMAT = "dwarf-with-dsym";
				DEVELOPMENT_TEAM = QU4R4G95KN;
				ENABLE_HARDENED_RUNTIME = YES;
				ENABLE_NS_ASSERTIONS = NO;
				ENABLE_STRICT_OBJC_MSGSEND = YES;
				GCC_C_LANGUAGE_STANDARD = gnu11;
				GCC_NO_COMMON_BLOCKS = YES;
				GCC_WARN_64_TO_32_BIT_CONVERSION = YES;
				GCC_WARN_ABOUT_RETURN_TYPE = YES_ERROR;
				GCC_WARN_UNDECLARED_SELECTOR = YES;
				GCC_WARN_UNINITIALIZED_AUTOS = YES_AGGRESSIVE;
				GCC_WARN_UNUSED_FUNCTION = YES;
				GCC_WARN_UNUSED_VARIABLE = YES;
				MACOSX_DEPLOYMENT_TARGET = 14.0;
				MARKETING_VERSION = 1.0;
				MTL_ENABLE_DEBUG_INFO = NO;
				MTL_FAST_MATH = YES;
				PRODUCT_NAME = "$(TARGET_NAME)";
				SDKROOT = macosx;
				SWIFT_COMPILATION_MODE = wholemodule;
				SWIFT_OPTIMIZATION_LEVEL = "-O";
				SWIFT_VERSION = 6.0;
			};
			name = Release;
		};
		9D0767B2F1F21B15AC9EAF00 /* Debug */ = {
			isa = XCBuildConfiguration;
			buildSettings = {
				ALWAYS_SEARCH_USER_PATHS = NO;
				CLANG_ANALYZER_NONNULL = YES;
				CLANG_ANALYZER_NUMBER_OBJECT_CONVERSION = YES_AGGRESSIVE;
				CLANG_CXX_LANGUAGE_STANDARD = "gnu++14";
				CLANG_CXX_LIBRARY = "libc++";
				CLANG_ENABLE_MODULES = YES;
				CLANG_ENABLE_OBJC_ARC = YES;
				CLANG_ENABLE_OBJC_WEAK = YES;
				CLANG_WARN_BLOCK_CAPTURE_AUTORELEASING = YES;
				CLANG_WARN_BOOL_CONVERSION = YES;
				CLANG_WARN_COMMA = YES;
				CLANG_WARN_CONSTANT_CONVERSION = YES;
				CLANG_WARN_DEPRECATED_OBJC_IMPLEMENTATIONS = YES;
				CLANG_WARN_DIRECT_OBJC_ISA_USAGE = YES_ERROR;
				CLANG_WARN_DOCUMENTATION_COMMENTS = YES;
				CLANG_WARN_EMPTY_BODY = YES;
				CLANG_WARN_ENUM_CONVERSION = YES;
				CLANG_WARN_INFINITE_RECURSION = YES;
				CLANG_WARN_INT_CONVERSION = YES;
				CLANG_WARN_NON_LITERAL_NULL_CONVERSION = YES;
				CLANG_WARN_OBJC_IMPLICIT_RETAIN_SELF = YES;
				CLANG_WARN_OBJC_LITERAL_CONVERSION = YES;
				CLANG_WARN_OBJC_ROOT_CLASS = YES_ERROR;
				CLANG_WARN_QUOTED_INCLUDE_IN_FRAMEWORK_HEADER = YES;
				CLANG_WARN_RANGE_LOOP_ANALYSIS = YES;
				CLANG_WARN_STRICT_PROTOTYPES = YES;
				CLANG_WARN_SUSPICIOUS_MOVE = YES;
				CLANG_WARN_UNGUARDED_AVAILABILITY = YES_AGGRESSIVE;
				CLANG_WARN_UNREACHABLE_CODE = YES;
				CLANG_WARN__DUPLICATE_METHOD_MATCH = YES;
				CODE_SIGN_STYLE = Automatic;
				COPY_PHASE_STRIP = NO;
				CURRENT_PROJECT_VERSION = 1;
				DEBUG_INFORMATION_FORMAT = dwarf;
				DEVELOPMENT_TEAM = QU4R4G95KN;
				ENABLE_HARDENED_RUNTIME = YES;
				ENABLE_STRICT_OBJC_MSGSEND = YES;
				ENABLE_TESTABILITY = YES;
				GCC_C_LANGUAGE_STANDARD = gnu11;
				GCC_DYNAMIC_NO_PIC = NO;
				GCC_NO_COMMON_BLOCKS = YES;
				GCC_OPTIMIZATION_LEVEL = 0;
				GCC_PREPROCESSOR_DEFINITIONS = (
					"$(inherited)",
					"DEBUG=1",
				);
				GCC_WARN_64_TO_32_BIT_CONVERSION = YES;
				GCC_WARN_ABOUT_RETURN_TYPE = YES_ERROR;
				GCC_WARN_UNDECLARED_SELECTOR = YES;
				GCC_WARN_UNINITIALIZED_AUTOS = YES_AGGRESSIVE;
				GCC_WARN_UNUSED_FUNCTION = YES;
				GCC_WARN_UNUSED_VARIABLE = YES;
				MACOSX_DEPLOYMENT_TARGET = 14.0;
				MARKETING_VERSION = 1.0;
				MTL_ENABLE_DEBUG_INFO = INCLUDE_SOURCE;
				MTL_FAST_MATH = YES;
				ONLY_ACTIVE_ARCH = YES;
				PRODUCT_NAME = "$(TARGET_NAME)";
				SDKROOT = macosx;
				SWIFT_ACTIVE_COMPILATION_CONDITIONS = DEBUG;
				SWIFT_OPTIMIZATION_LEVEL = "-Onone";
				SWIFT_VERSION = 6.0;
			};
			name = Debug;
		};
		C2C37084C56AFED05BE79238 /* Debug */ = {
			isa = XCBuildConfiguration;
			buildSettings = {
				BUNDLE_LOADER = "$(TEST_HOST)";
				COMBINE_HIDPI_IMAGES = YES;
				GENERATE_INFOPLIST_FILE = YES;
				LD_RUNPATH_SEARCH_PATHS = (
					"$(inherited)",
					"@executable_path/../Frameworks",
					"@loader_path/../Frameworks",
				);
				PRODUCT_BUNDLE_IDENTIFIER = com.dparadis.MicPauseTests;
				SDKROOT = macosx;
				TEST_HOST = "$(BUILT_PRODUCTS_DIR)/MicPause.app/Contents/MacOS/MicPause";
			};
			name = Debug;
		};
		E4366C21CC65B9221488FDFB /* Release */ = {
			isa = XCBuildConfiguration;
			buildSettings = {
				BUNDLE_LOADER = "$(TEST_HOST)";
				COMBINE_HIDPI_IMAGES = YES;
				GENERATE_INFOPLIST_FILE = YES;
				LD_RUNPATH_SEARCH_PATHS = (
					"$(inherited)",
					"@executable_path/../Frameworks",
					"@loader_path/../Frameworks",
				);
				PRODUCT_BUNDLE_IDENTIFIER = com.dparadis.MicPauseTests;
				SDKROOT = macosx;
				TEST_HOST = "$(BUILT_PRODUCTS_DIR)/MicPause.app/Contents/MacOS/MicPause";
			};
			name = Release;
		};
/* End XCBuildConfiguration section */

/* Begin XCConfigurationList section */
		8265EE5FB815CAFAA92DC02C /* Build configuration list for PBXProject "MicPause" */ = {
			isa = XCConfigurationList;
			buildConfigurations = (
				9D0767B2F1F21B15AC9EAF00 /* Debug */,
				598AF9FCEEEB481D0F631AC4 /* Release */,
			);
			defaultConfigurationIsVisible = 0;
			defaultConfigurationName = Debug;
		};
		8CFE8F094629B93019331910 /* Build configuration list for PBXNativeTarget "MicPauseTests" */ = {
			isa = XCConfigurationList;
			buildConfigurations = (
				C2C37084C56AFED05BE79238 /* Debug */,
				E4366C21CC65B9221488FDFB /* Release */,
			);
			defaultConfigurationIsVisible = 0;
			defaultConfigurationName = Debug;
		};
		8F6B96BF9389992354A27CBD /* Build configuration list for PBXNativeTarget "MicPause" */ = {
			isa = XCConfigurationList;
			buildConfigurations = (
				252D443F69C8142E738E29F0 /* Debug */,
				4C149B5CBD4C71A033568597 /* Release */,
			);
			defaultConfigurationIsVisible = 0;
			defaultConfigurationName = Debug;
		};
/* End XCConfigurationList section */
	};
	rootObject = 6FCF82E180BE16D509713EA8 /* Project object */;
}
